
Microsoft Visual Studio Solution File, Format Version 12.00
# Visual Studio 15
VisualStudioVersion = 15.0.26730.12
MinimumVisualStudioVersion = 10.0.40219.1
Project("{FAE04EC0-301F-11D3-BF4B-00C04F79EFBC}") = "Lösenordare DEMO", "Lösenordare DEMO\Lösenordare DEMO.csproj", "{EBCE89E4-EED1-42FF-91D6-0F5414B2A046}"
EndProject
Global
	GlobalSection(SolutionConfigurationPlatforms) = preSolution
		Debug|Any CPU = Debug|Any CPU
		Release|Any CPU = Release|Any CPU
	EndGlobalSection
	GlobalSection(ProjectConfigurationPlatforms) = postSolution
		{EBCE89E4-EED1-42FF-91D6-0F5414B2A046}.Debug|Any CPU.ActiveCfg = Debug|Any CPU
		{EBCE89E4-EED1-42FF-91D6-0F5414B2A046}.Debug|Any CPU.Build.0 = Debug|Any CPU
		{EBCE89E4-EED1-42FF-91D6-0F5414B2A046}.Release|Any CPU.ActiveCfg = Release|Any CPU
		{EBCE89E4-EED1-42FF-91D6-0F5414B2A046}.Release|Any CPU.Build.0 = Release|Any CPU
	EndGlobalSection
	GlobalSection(SolutionProperties) = preSolution
		HideSolutionNode = FALSE
	EndGlobalSection
	GlobalSection(ExtensibilityGlobals) = postSolution
		SolutionGuid = {287C354B-3ECE-46B9-9092-51BAD419E023}
	EndGlobalSection
EndGlobal
